
Microsoft Visual Studio Solution File, Format Version 12.00
# Visual Studio 14
VisualStudioVersion = 14.0.23107.0
MinimumVisualStudioVersion = 10.0.40219.1
Project("{FAE04EC0-301F-11D3-BF4B-00C04F79EFBC}") = "AkinAcessorios", "AkinAcessorios\AkinAcessorios.csproj", "{72D46BEA-0EA1-4028-BAE3-74DA4188E34E}"
EndProject
Project("{FAE04EC0-301F-11D3-BF4B-00C04F79EFBC}") = "UI", "WindowsFormsApplication1\UI.csproj", "{D4B39929-B563-4FAE-9F39-0B6126BCDFE2}"
EndProject
Global
	GlobalSection(SolutionConfigurationPlatforms) = preSolution
		Debug|Any CPU = Debug|Any CPU
		Release|Any CPU = Release|Any CPU
	EndGlobalSection
	GlobalSection(ProjectConfigurationPlatforms) = postSolution
		{72D46BEA-0EA1-4028-BAE3-74DA4188E34E}.Debug|Any CPU.ActiveCfg = Debug|Any CPU
		{72D46BEA-0EA1-4028-BAE3-74DA4188E34E}.Debug|Any CPU.Build.0 = Debug|Any CPU
		{72D46BEA-0EA1-4028-BAE3-74DA4188E34E}.Release|Any CPU.ActiveCfg = Release|Any CPU
		{72D46BEA-0EA1-4028-BAE3-74DA4188E34E}.Release|Any CPU.Build.0 = Release|Any CPU
		{D4B39929-B563-4FAE-9F39-0B6126BCDFE2}.Debug|Any CPU.ActiveCfg = Debug|Any CPU
		{D4B39929-B563-4FAE-9F39-0B6126BCDFE2}.Debug|Any CPU.Build.0 = Debug|Any CPU
		{D4B39929-B563-4FAE-9F39-0B6126BCDFE2}.Release|Any CPU.ActiveCfg = Release|Any CPU
		{D4B39929-B563-4FAE-9F39-0B6126BCDFE2}.Release|Any CPU.Build.0 = Release|Any CPU
	EndGlobalSection
	GlobalSection(SolutionProperties) = preSolution
		HideSolutionNode = FALSE
	EndGlobalSection
EndGlobal
